
Microsoft Visual Studio Solution File, Format Version 12.00
# Visual Studio Version 17
VisualStudioVersion = 17.8.0.0
MinimumVisualStudioVersion = 17.8.0.0
Project("{9A19103F-16F7-4668-BE54-9A1E7A4F7556}") = "Cooklyn.AppHost", "Cooklyn.AppHost\Cooklyn.AppHost.csproj", "{E84C2385-5410-4623-997E-35877BB8762B}"
EndProject
Project("{9A19103F-16F7-4668-BE54-9A1E7A4F7556}") = "Cooklyn.Server", "Cooklyn.Server\Cooklyn.Server.csproj", "{5FCD638A-22C2-4BDF-91D9-E8ACCE971AC7}"
EndProject
Project("{54A90642-561A-4BB1-A94E-469ADEE60C69}") = "frontend", "frontend\frontend.esproj", "{CC52879A-5A13-4FCD-AC35-310BA4C91E94}"
EndProject
Project("{FAE04EC0-301F-11D3-BF4B-00C04F79EFBC}") = "Cooklyn.Bff", "Cooklyn.Bff\Cooklyn.Bff.csproj", "{A2E267D8-6211-44E3-B0F7-FC1B75DFA7F8}"
EndProject
Project("{FAE04EC0-301F-11D3-BF4B-00C04F79EFBC}") = "Cooklyn.IntegrationTests", "tests\Cooklyn.IntegrationTests\Cooklyn.IntegrationTests.csproj", "{A2BAC70D-633F-4FDD-AC54-2784775586EC}"
EndProject
Project("{2150E333-8FDC-42A3-9474-1A3956D46DE8}") = "tests", "tests", "{D22B7AEA-E58C-4320-80EC-72FB1BFEBF8D}"
EndProject
Project("{FAE04EC0-301F-11D3-BF4B-00C04F79EFBC}") = "Cooklyn.UnitTests", "tests\Cooklyn.UnitTests\Cooklyn.UnitTests.csproj", "{FA3A82A3-71EF-4267-A065-99DE2D0A88EF}"
EndProject
Project("{FAE04EC0-301F-11D3-BF4B-00C04F79EFBC}") = "Cooklyn.FunctionalTests", "tests\Cooklyn.FunctionalTests\Cooklyn.FunctionalTests.csproj", "{321C5C92-AEA5-40F8-8282-BCDA29229084}"
EndProject
Project("{FAE04EC0-301F-11D3-BF4B-00C04F79EFBC}") = "Cooklyn.SharedTestHelpers", "tests\Cooklyn.SharedTestHelpers\Cooklyn.SharedTestHelpers.csproj", "{3DC59373-E758-4FA4-8F45-0CC0CD016557}"
EndProject
Global
	GlobalSection(SolutionConfigurationPlatforms) = preSolution
		Debug|Any CPU = Debug|Any CPU
		Debug|x64 = Debug|x64
		Debug|x86 = Debug|x86
		Release|Any CPU = Release|Any CPU
		Release|x64 = Release|x64
		Release|x86 = Release|x86
	EndGlobalSection
	GlobalSection(ProjectConfigurationPlatforms) = postSolution
		{E84C2385-5410-4623-997E-35877BB8762B}.Debug|Any CPU.ActiveCfg = Debug|Any CPU
		{E84C2385-5410-4623-997E-35877BB8762B}.Debug|Any CPU.Build.0 = Debug|Any CPU
		{E84C2385-5410-4623-997E-35877BB8762B}.Debug|x64.ActiveCfg = Debug|Any CPU
		{E84C2385-5410-4623-997E-35877BB8762B}.Debug|x64.Build.0 = Debug|Any CPU
		{E84C2385-5410-4623-997E-35877BB8762B}.Debug|x86.ActiveCfg = Debug|Any CPU
		{E84C2385-5410-4623-997E-35877BB8762B}.Debug|x86.Build.0 = Debug|Any CPU
		{E84C2385-5410-4623-997E-35877BB8762B}.Release|Any CPU.ActiveCfg = Release|Any CPU
		{E84C2385-5410-4623-997E-35877BB8762B}.Release|Any CPU.Build.0 = Release|Any CPU
		{E84C2385-5410-4623-997E-35877BB8762B}.Release|x64.ActiveCfg = Release|Any CPU
		{E84C2385-5410-4623-997E-35877BB8762B}.Release|x64.Build.0 = Release|Any CPU
		{E84C2385-5410-4623-997E-35877BB8762B}.Release|x86.ActiveCfg = Release|Any CPU
		{E84C2385-5410-4623-997E-35877BB8762B}.Release|x86.Build.0 = Release|Any CPU
		{5FCD638A-22C2-4BDF-91D9-E8ACCE971AC7}.Debug|Any CPU.ActiveCfg = Debug|Any CPU
		{5FCD638A-22C2-4BDF-91D9-E8ACCE971AC7}.Debug|Any CPU.Build.0 = Debug|Any CPU
		{5FCD638A-22C2-4BDF-91D9-E8ACCE971AC7}.Debug|x64.ActiveCfg = Debug|Any CPU
		{5FCD638A-22C2-4BDF-91D9-E8ACCE971AC7}.Debug|x64.Build.0 = Debug|Any CPU
		{5FCD638A-22C2-4BDF-91D9-E8ACCE971AC7}.Debug|x86.ActiveCfg = Debug|Any CPU
		{5FCD638A-22C2-4BDF-91D9-E8ACCE971AC7}.Debug|x86.Build.0 = Debug|Any CPU
		{5FCD638A-22C2-4BDF-91D9-E8ACCE971AC7}.Release|Any CPU.ActiveCfg = Release|Any CPU
		{5FCD638A-22C2-4BDF-91D9-E8ACCE971AC7}.Release|Any CPU.Build.0 = Release|Any CPU
		{5FCD638A-22C2-4BDF-91D9-E8ACCE971AC7}.Release|x64.ActiveCfg = Release|Any CPU
		{5FCD638A-22C2-4BDF-91D9-E8ACCE971AC7}.Release|x64.Build.0 = Release|Any CPU
		{5FCD638A-22C2-4BDF-91D9-E8ACCE971AC7}.Release|x86.ActiveCfg = Release|Any CPU
		{5FCD638A-22C2-4BDF-91D9-E8ACCE971AC7}.Release|x86.Build.0 = Release|Any CPU
		{CC52879A-5A13-4FCD-AC35-310BA4C91E94}.Debug|Any CPU.ActiveCfg = Debug|Any CPU
		{CC52879A-5A13-4FCD-AC35-310BA4C91E94}.Debug|Any CPU.Build.0 = Debug|Any CPU
		{CC52879A-5A13-4FCD-AC35-310BA4C91E94}.Debug|x64.ActiveCfg = Debug|x64
		{CC52879A-5A13-4FCD-AC35-310BA4C91E94}.Debug|x86.ActiveCfg = Debug|x86
		{CC52879A-5A13-4FCD-AC35-310BA4C91E94}.Release|Any CPU.ActiveCfg = Release|Any CPU
		{CC52879A-5A13-4FCD-AC35-310BA4C91E94}.Release|Any CPU.Build.0 = Release|Any CPU
		{CC52879A-5A13-4FCD-AC35-310BA4C91E94}.Release|x64.ActiveCfg = Release|x64
		{CC52879A-5A13-4FCD-AC35-310BA4C91E94}.Release|x86.ActiveCfg = Release|x86
		{A2E267D8-6211-44E3-B0F7-FC1B75DFA7F8}.Debug|Any CPU.ActiveCfg = Debug|Any CPU
		{A2E267D8-6211-44E3-B0F7-FC1B75DFA7F8}.Debug|Any CPU.Build.0 = Debug|Any CPU
		{A2E267D8-6211-44E3-B0F7-FC1B75DFA7F8}.Debug|x64.ActiveCfg = Debug|Any CPU
		{A2E267D8-6211-44E3-B0F7-FC1B75DFA7F8}.Debug|x64.Build.0 = Debug|Any CPU
		{A2E267D8-6211-44E3-B0F7-FC1B75DFA7F8}.Debug|x86.ActiveCfg = Debug|Any CPU
		{A2E267D8-6211-44E3-B0F7-FC1B75DFA7F8}.Debug|x86.Build.0 = Debug|Any CPU
		{A2E267D8-6211-44E3-B0F7-FC1B75DFA7F8}.Release|Any CPU.ActiveCfg = Release|Any CPU
		{A2E267D8-6211-44E3-B0F7-FC1B75DFA7F8}.Release|Any CPU.Build.0 = Release|Any CPU
		{A2E267D8-6211-44E3-B0F7-FC1B75DFA7F8}.Release|x64.ActiveCfg = Release|Any CPU
		{A2E267D8-6211-44E3-B0F7-FC1B75DFA7F8}.Release|x64.Build.0 = Release|Any CPU
		{A2E267D8-6211-44E3-B0F7-FC1B75DFA7F8}.Release|x86.ActiveCfg = Release|Any CPU
		{A2E267D8-6211-44E3-B0F7-FC1B75DFA7F8}.Release|x86.Build.0 = Release|Any CPU
		{A2BAC70D-633F-4FDD-AC54-2784775586EC}.Debug|Any CPU.ActiveCfg = Debug|Any CPU
		{A2BAC70D-633F-4FDD-AC54-2784775586EC}.Debug|Any CPU.Build.0 = Debug|Any CPU
		{A2BAC70D-633F-4FDD-AC54-2784775586EC}.Debug|x64.ActiveCfg = Debug|Any CPU
		{A2BAC70D-633F-4FDD-AC54-2784775586EC}.Debug|x64.Build.0 = Debug|Any CPU
		{A2BAC70D-633F-4FDD-AC54-2784775586EC}.Debug|x86.ActiveCfg = Debug|Any CPU
		{A2BAC70D-633F-4FDD-AC54-2784775586EC}.Debug|x86.Build.0 = Debug|Any CPU
		{A2BAC70D-633F-4FDD-AC54-2784775586EC}.Release|Any CPU.ActiveCfg = Release|Any CPU
		{A2BAC70D-633F-4FDD-AC54-2784775586EC}.Release|Any CPU.Build.0 = Release|Any CPU
		{A2BAC70D-633F-4FDD-AC54-2784775586EC}.Release|x64.ActiveCfg = Release|Any CPU
		{A2BAC70D-633F-4FDD-AC54-2784775586EC}.Release|x64.Build.0 = Release|Any CPU
		{A2BAC70D-633F-4FDD-AC54-2784775586EC}.Release|x86.ActiveCfg = Release|Any CPU
		{A2BAC70D-633F-4FDD-AC54-2784775586EC}.Release|x86.Build.0 = Release|Any CPU
		{FA3A82A3-71EF-4267-A065-99DE2D0A88EF}.Debug|Any CPU.ActiveCfg = Debug|Any CPU
		{FA3A82A3-71EF-4267-A065-99DE2D0A88EF}.Debug|Any CPU.Build.0 = Debug|Any CPU
		{FA3A82A3-71EF-4267-A065-99DE2D0A88EF}.Debug|x64.ActiveCfg = Debug|Any CPU
		{FA3A82A3-71EF-4267-A065-99DE2D0A88EF}.Debug|x64.Build.0 = Debug|Any CPU
		{FA3A82A3-71EF-4267-A065-99DE2D0A88EF}.Debug|x86.ActiveCfg = Debug|Any CPU
		{FA3A82A3-71EF-4267-A065-99DE2D0A88EF}.Debug|x86.Build.0 = Debug|Any CPU
		{FA3A82A3-71EF-4267-A065-99DE2D0A88EF}.Release|Any CPU.ActiveCfg = Release|Any CPU
		{FA3A82A3-71EF-4267-A065-99DE2D0A88EF}.Release|Any CPU.Build.0 = Release|Any CPU
		{FA3A82A3-71EF-4267-A065-99DE2D0A88EF}.Release|x64.ActiveCfg = Release|Any CPU
		{FA3A82A3-71EF-4267-A065-99DE2D0A88EF}.Release|x64.Build.0 = Release|Any CPU
		{FA3A82A3-71EF-4267-A065-99DE2D0A88EF}.Release|x86.ActiveCfg = Release|Any CPU
		{FA3A82A3-71EF-4267-A065-99DE2D0A88EF}.Release|x86.Build.0 = Release|Any CPU
		{321C5C92-AEA5-40F8-8282-BCDA29229084}.Debug|Any CPU.ActiveCfg = Debug|Any CPU
		{321C5C92-AEA5-40F8-8282-BCDA29229084}.Debug|Any CPU.Build.0 = Debug|Any CPU
		{321C5C92-AEA5-40F8-8282-BCDA29229084}.Debug|x64.ActiveCfg = Debug|Any CPU
		{321C5C92-AEA5-40F8-8282-BCDA29229084}.Debug|x64.Build.0 = Debug|Any CPU
		{321C5C92-AEA5-40F8-8282-BCDA29229084}.Debug|x86.ActiveCfg = Debug|Any CPU
		{321C5C92-AEA5-40F8-8282-BCDA29229084}.Debug|x86.Build.0 = Debug|Any CPU
		{321C5C92-AEA5-40F8-8282-BCDA29229084}.Release|Any CPU.ActiveCfg = Release|Any CPU
		{321C5C92-AEA5-40F8-8282-BCDA29229084}.Release|Any CPU.Build.0 = Release|Any CPU
		{321C5C92-AEA5-40F8-8282-BCDA29229084}.Release|x64.ActiveCfg = Release|Any CPU
		{321C5C92-AEA5-40F8-8282-BCDA29229084}.Release|x64.Build.0 = Release|Any CPU
		{321C5C92-AEA5-40F8-8282-BCDA29229084}.Release|x86.ActiveCfg = Release|Any CPU
		{321C5C92-AEA5-40F8-8282-BCDA29229084}.Release|x86.Build.0 = Release|Any CPU
		{3DC59373-E758-4FA4-8F45-0CC0CD016557}.Debug|Any CPU.ActiveCfg = Debug|Any CPU
		{3DC59373-E758-4FA4-8F45-0CC0CD016557}.Debug|Any CPU.Build.0 = Debug|Any CPU
		{3DC59373-E758-4FA4-8F45-0CC0CD016557}.Debug|x64.ActiveCfg = Debug|Any CPU
		{3DC59373-E758-4FA4-8F45-0CC0CD016557}.Debug|x64.Build.0 = Debug|Any CPU
		{3DC59373-E758-4FA4-8F45-0CC0CD016557}.Debug|x86.ActiveCfg = Debug|Any CPU
		{3DC59373-E758-4FA4-8F45-0CC0CD016557}.Debug|x86.Build.0 = Debug|Any CPU
		{3DC59373-E758-4FA4-8F45-0CC0CD016557}.Release|Any CPU.ActiveCfg = Release|Any CPU
		{3DC59373-E758-4FA4-8F45-0CC0CD016557}.Release|Any CPU.Build.0 = Release|Any CPU
		{3DC59373-E758-4FA4-8F45-0CC0CD016557}.Release|x64.ActiveCfg = Release|Any CPU
		{3DC59373-E758-4FA4-8F45-0CC0CD016557}.Release|x64.Build.0 = Release|Any CPU
		{3DC59373-E758-4FA4-8F45-0CC0CD016557}.Release|x86.ActiveCfg = Release|Any CPU
		{3DC59373-E758-4FA4-8F45-0CC0CD016557}.Release|x86.Build.0 = Release|Any CPU
	EndGlobalSection
	GlobalSection(SolutionProperties) = preSolution
		HideSolutionNode = FALSE
	EndGlobalSection
	GlobalSection(NestedProjects) = preSolution
		{A2BAC70D-633F-4FDD-AC54-2784775586EC} = {D22B7AEA-E58C-4320-80EC-72FB1BFEBF8D}
		{FA3A82A3-71EF-4267-A065-99DE2D0A88EF} = {D22B7AEA-E58C-4320-80EC-72FB1BFEBF8D}
		{321C5C92-AEA5-40F8-8282-BCDA29229084} = {D22B7AEA-E58C-4320-80EC-72FB1BFEBF8D}
		{3DC59373-E758-4FA4-8F45-0CC0CD016557} = {D22B7AEA-E58C-4320-80EC-72FB1BFEBF8D}
	EndGlobalSection
	GlobalSection(ExtensibilityGlobals) = postSolution
		SolutionGuid = {6C6F8EA2-607C-4CB1-A7DC-45F6C12CD07E}
	EndGlobalSection
EndGlobal
